// !$*UTF8*$!
{
	archiveVersion = 1;
	classes = {
	};
	objectVersion = 50;
	objects = {

/* Begin PBXBuildFile section */
		2A16E23D26DE3D47006CC0A0 /* AppDelegate.swift in Sources */ = {isa = PBXBuildFile; fileRef = 2A16E23C26DE3D47006CC0A0 /* AppDelegate.swift */; };
		2A16E23F26DE3D47006CC0A0 /* SceneDelegate.swift in Sources */ = {isa = PBXBuildFile; fileRef = 2A16E23E26DE3D47006CC0A0 /* SceneDelegate.swift */; };
		2A16E24126DE3D47006CC0A0 /* ViewController.swift in Sources */ = {isa = PBXBuildFile; fileRef = 2A16E24026DE3D47006CC0A0 /* ViewController.swift */; };
		2A16E24426DE3D47006CC0A0 /* Main.storyboard in Resources */ = {isa = PBXBuildFile; fileRef = 2A16E24226DE3D47006CC0A0 /* Main.storyboard */; };
		2A16E24726DE3D47006CC0A0 /* DemoApplication.xcdatamodeld in Sources */ = {isa = PBXBuildFile; fileRef = 2A16E24526DE3D47006CC0A0 /* DemoApplication.xcdatamodeld */; };
		2A16E24926DE3D47006CC0A0 /* Assets.xcassets in Resources */ = {isa = PBXBuildFile; fileRef = 2A16E24826DE3D47006CC0A0 /* Assets.xcassets */; };
		2A16E24C26DE3D47006CC0A0 /* LaunchScreen.storyboard in Resources */ = {isa = PBXBuildFile; fileRef = 2A16E24A26DE3D47006CC0A0 /* LaunchScreen.storyboard */; };
		2A16E25726DE3D47006CC0A0 /* DemoApplicationTests.swift in Sources */ = {isa = PBXBuildFile; fileRef = 2A16E25626DE3D47006CC0A0 /* DemoApplicationTests.swift */; };
		2A16E26226DE3D47006CC0A0 /* DemoApplicationUITests.swift in Sources */ = {isa = PBXBuildFile; fileRef = 2A16E26126DE3D47006CC0A0 /* DemoApplicationUITests.swift */; };
/* End PBXBuildFile section */

/* Begin PBXContainerItemProxy section */
		2A16E25326DE3D47006CC0A0 /* PBXContainerItemProxy */ = {
			isa = PBXContainerItemProxy;
			containerPortal = 2A16E23126DE3D47006CC0A0 /* Project object */;
			proxyType = 1;
			remoteGlobalIDString = 2A16E23826DE3D47006CC0A0;
			remoteInfo = DemoApplication;
		};
		2A16E25E26DE3D47006CC0A0 /* PBXContainerItemProxy */ = {
			isa = PBXContainerItemProxy;
			containerPortal = 2A16E23126DE3D47006CC0A0 /* Project object */;
			proxyType = 1;
			remoteGlobalIDString = 2A16E23826DE3D47006CC0A0;
			remoteInfo = DemoApplication;
		};
/* End PBXContainerItemProxy section */

/* Begin PBXFileReference section */
		2A16E23926DE3D47006CC0A0 /* DemoApplication.app */ = {isa = PBXFileReference; explicitFileType = wrapper.application; includeInIndex = 0; path = DemoApplication.app; sourceTree = BUILT_PRODUCTS_DIR; };
		2A16E23C26DE3D47006CC0A0 /* AppDelegate.swift */ = {isa = PBXFileReference; lastKnownFileType = sourcecode.swift; path = AppDelegate.swift; sourceTree = "<group>"; };
		2A16E23E26DE3D47006CC0A0 /* SceneDelegate.swift */ = {isa = PBXFileReference; lastKnownFileType = sourcecode.swift; path = SceneDelegate.swift; sourceTree = "<group>"; };
		2A16E24026DE3D47006CC0A0 /* ViewController.swift */ = {isa = PBXFileReference; lastKnownFileType = sourcecode.swift; path = ViewController.swift; sourceTree = "<group>"; };
		2A16E24326DE3D47006CC0A0 /* Base */ = {isa = PBXFileReference; lastKnownFileType = file.storyboard; name = Base; path = Base.lproj/Main.storyboard; sourceTree = "<group>"; };
		2A16E24626DE3D47006CC0A0 /* DemoApplication.xcdatamodel */ = {isa = PBXFileReference; lastKnownFileType = wrapper.xcdatamodel; path = DemoApplication.xcdatamodel; sourceTree = "<group>"; };
		2A16E24826DE3D47006CC0A0 /* Assets.xcassets */ = {isa = PBXFileReference; lastKnownFileType = folder.assetcatalog; path = Assets.xcassets; sourceTree = "<group>"; };
		2A16E24B26DE3D47006CC0A0 /* Base */ = {isa = PBXFileReference; lastKnownFileType = file.storyboard; name = Base; path = Base.lproj/LaunchScreen.storyboard; sourceTree = "<group>"; };
		2A16E24D26DE3D47006CC0A0 /* Info.plist */ = {isa = PBXFileReference; lastKnownFileType = text.plist.xml; path = Info.plist; sourceTree = "<group>"; };
		2A16E25226DE3D47006CC0A0 /* DemoApplicationTests.xctest */ = {isa = PBXFileReference; explicitFileType = wrapper.cfbundle; includeInIndex = 0; path = DemoApplicationTests.xctest; sourceTree = BUILT_PRODUCTS_DIR; };
		2A16E25626DE3D47006CC0A0 /* DemoApplicationTests.swift */ = {isa = PBXFileReference; lastKnownFileType = sourcecode.swift; path = DemoApplicationTests.swift; sourceTree = "<group>"; };
		2A16E25826DE3D47006CC0A0 /* Info.plist */ = {isa = PBXFileReference; lastKnownFileType = text.plist.xml; path = Info.plist; sourceTree = "<group>"; };
		2A16E25D26DE3D47006CC0A0 /* DemoApplicationUITests.xctest */ = {isa = PBXFileReference; explicitFileType = wrapper.cfbundle; includeInIndex = 0; path = DemoApplicationUITests.xctest; sourceTree = BUILT_PRODUCTS_DIR; };
		2A16E26126DE3D47006CC0A0 /* DemoApplicationUITests.swift */ = {isa = PBXFileReference; lastKnownFileType = sourcecode.swift; path = DemoApplicationUITests.swift; sourceTree = "<group>"; };
		2A16E26326DE3D47006CC0A0 /* Info.plist */ = {isa = PBXFileReference; lastKnownFileType = text.plist.xml; path = Info.plist; sourceTree = "<group>"; };
/* End PBXFileReference section */

/* Begin PBXFrameworksBuildPhase section */
		2A16E23626DE3D47006CC0A0 /* Frameworks */ = {
			isa = PBXFrameworksBuildPhase;
			buildActionMask = 2147483647;
			files = (
			);
			runOnlyForDeploymentPostprocessing = 0;
		};
		2A16E24F26DE3D47006CC0A0 /* Frameworks */ = {
			isa = PBXFrameworksBuildPhase;
			buildActionMask = 2147483647;
			files = (
			);
			runOnlyForDeploymentPostprocessing = 0;
		};
		2A16E25A26DE3D47006CC0A0 /* Frameworks */ = {
			isa = PBXFrameworksBuildPhase;
			buildActionMask = 2147483647;
			files = (
			);
			runOnlyForDeploymentPostprocessing = 0;
		};
/* End PBXFrameworksBuildPhase section */

/* Begin PBXGroup section */
		2A16E23026DE3D47006CC0A0 = {
			isa = PBXGroup;
			children = (
				2A16E23B26DE3D47006CC0A0 /* DemoApplication */,
				2A16E25526DE3D47006CC0A0 /* DemoApplicationTests */,
				2A16E26026DE3D47006CC0A0 /* DemoApplicationUITests */,
				2A16E23A26DE3D47006CC0A0 /* Products */,
			);
			sourceTree = "<group>";
		};
		2A16E23A26DE3D47006CC0A0 /* Products */ = {
			isa = PBXGroup;
			children = (
				2A16E23926DE3D47006CC0A0 /* DemoApplication.app */,
				2A16E25226DE3D47006CC0A0 /* DemoApplicationTests.xctest */,
				2A16E25D26DE3D47006CC0A0 /* DemoApplicationUITests.xctest */,
			);
			name = Products;
			sourceTree = "<group>";
		};
		2A16E23B26DE3D47006CC0A0 /* DemoApplication */ = {
			isa = PBXGroup;
			children = (
				2A16E23C26DE3D47006CC0A0 /* AppDelegate.swift */,
				2A16E23E26DE3D47006CC0A0 /* SceneDelegate.swift */,
				2A16E24026DE3D47006CC0A0 /* ViewController.swift */,
				2A16E24226DE3D47006CC0A0 /* Main.storyboard */,
				2A16E24826DE3D47006CC0A0 /* Assets.xcassets */,
				2A16E24A26DE3D47006CC0A0 /* LaunchScreen.storyboard */,
				2A16E24D26DE3D47006CC0A0 /* Info.plist */,
				2A16E24526DE3D47006CC0A0 /* DemoApplication.xcdatamodeld */,
			);
			path = DemoApplication;
			sourceTree = "<group>";
		};
		2A16E25526DE3D47006CC0A0 /* DemoApplicationTests */ = {
			isa = PBXGroup;
			children = (
				2A16E25626DE3D47006CC0A0 /* DemoApplicationTests.swift */,
				2A16E25826DE3D47006CC0A0 /* Info.plist */,
			);
			path = DemoApplicationTests;
			sourceTree = "<group>";
		};
		2A16E26026DE3D47006CC0A0 /* DemoApplicationUITests */ = {
			isa = PBXGroup;
			children = (
				2A16E26126DE3D47006CC0A0 /* DemoApplicationUITests.swift */,
				2A16E26326DE3D47006CC0A0 /* Info.plist */,
			);
			path = DemoApplicationUITests;
			sourceTree = "<group>";
		};
/* End PBXGroup section */

/* Begin PBXNativeTarget section */
		2A16E23826DE3D47006CC0A0 /* DemoApplication */ = {
			isa = PBXNativeTarget;
			buildConfigurationList = 2A16E26626DE3D47006CC0A0 /* Build configuration list for PBXNativeTarget "DemoApplication" */;
			buildPhases = (
				2A16E23526DE3D47006CC0A0 /* Sources */,
				2A16E23626DE3D47006CC0A0 /* Frameworks */,
				2A16E23726DE3D47006CC0A0 /* Resources */,
			);
			buildRules = (
			);
			dependencies = (
			);
			name = DemoApplication;
			productName = DemoApplication;
			productReference = 2A16E23926DE3D47006CC0A0 /* DemoApplication.app */;
			productType = "com.apple.product-type.application";
		};
		2A16E25126DE3D47006CC0A0 /* DemoApplicationTests */ = {
			isa = PBXNativeTarget;
			buildConfigurationList = 2A16E26926DE3D47006CC0A0 /* Build configuration list for PBXNativeTarget "DemoApplicationTests" */;
			buildPhases = (
				2A16E24E26DE3D47006CC0A0 /* Sources */,
				2A16E24F26DE3D47006CC0A0 /* Frameworks */,
				2A16E25026DE3D47006CC0A0 /* Resources */,
			);
			buildRules = (
			);
			dependencies = (
				2A16E25426DE3D47006CC0A0 /* PBXTargetDependency */,
			);
			name = DemoApplicationTests;
			productName = DemoApplicationTests;
			productReference = 2A16E25226DE3D47006CC0A0 /* DemoApplicationTests.xctest */;
			productType = "com.apple.product-type.bundle.unit-test";
		};
		2A16E25C26DE3D47006CC0A0 /* DemoApplicationUITests */ = {
			isa = PBXNativeTarget;
			buildConfigurationList = 2A16E26C26DE3D47006CC0A0 /* Build configuration list for PBXNativeTarget "DemoApplicationUITests" */;
			buildPhases = (
				2A16E25926DE3D47006CC0A0 /* Sources */,
				2A16E25A26DE3D47006CC0A0 /* Frameworks */,
				2A16E25B26DE3D47006CC0A0 /* Resources */,
			);
			buildRules = (
			);
			dependencies = (
				2A16E25F26DE3D47006CC0A0 /* PBXTargetDependency */,
			);
			name = DemoApplicationUITests;
			productName = DemoApplicationUITests;
			productReference = 2A16E25D26DE3D47006CC0A0 /* DemoApplicationUITests.xctest */;
			productType = "com.apple.product-type.bundle.ui-testing";
		};
/* End PBXNativeTarget section */

/* Begin PBXProject section */
		2A16E23126DE3D47006CC0A0 /* Project object */ = {
			isa = PBXProject;
			attributes = {
				LastSwiftUpdateCheck = 1250;
				LastUpgradeCheck = 1250;
				TargetAttributes = {
					2A16E23826DE3D47006CC0A0 = {
						CreatedOnToolsVersion = 12.5.1;
					};
					2A16E25126DE3D47006CC0A0 = {
						CreatedOnToolsVersion = 12.5.1;
						TestTargetID = 2A16E23826DE3D47006CC0A0;
					};
					2A16E25C26DE3D47006CC0A0 = {
						CreatedOnToolsVersion = 12.5.1;
						TestTargetID = 2A16E23826DE3D47006CC0A0;
					};
				};
			};
			buildConfigurationList = 2A16E23426DE3D47006CC0A0 /* Build configuration list for PBXProject "DemoApplication" */;
			compatibilityVersion = "Xcode 9.3";
			developmentRegion = en;
			hasScannedForEncodings = 0;
			knownRegions = (
				en,
				Base,
			);
			mainGroup = 2A16E23026DE3D47006CC0A0;
			productRefGroup = 2A16E23A26DE3D47006CC0A0 /* Products */;
			projectDirPath = "";
			projectRoot = "";
			targets = (
				2A16E23826DE3D47006CC0A0 /* DemoApplication */,
				2A16E25126DE3D47006CC0A0 /* DemoApplicationTests */,
				2A16E25C26DE3D47006CC0A0 /* DemoApplicationUITests */,
			);
		};
/* End PBXProject section */

/* Begin PBXResourcesBuildPhase section */
		2A16E23726DE3D47006CC0A0 /* Resources */ = {
			isa = PBXResourcesBuildPhase;
			buildActionMask = 2147483647;
			files = (
				2A16E24C26DE3D47006CC0A0 /* LaunchScreen.storyboard in Resources */,
				2A16E24926DE3D47006CC0A0 /* Assets.xcassets in Resources */,
				2A16E24426DE3D47006CC0A0 /* Main.storyboard in Resources */,
			);
			runOnlyForDeploymentPostprocessing = 0;
		};
		2A16E25026DE3D47006CC0A0 /* Resources */ = {
			isa = PBXResourcesBuildPhase;
			buildActionMask = 2147483647;
			files = (
			);
			runOnlyForDeploymentPostprocessing = 0;
		};
		2A16E25B26DE3D47006CC0A0 /* Resources */ = {
			isa = PBXResourcesBuildPhase;
			buildActionMask = 2147483647;
			files = (
			);
			runOnlyForDeploymentPostprocessing = 0;
		};
/* End PBXResourcesBuildPhase section */

/* Begin PBXSourcesBuildPhase section */
		2A16E23526DE3D47006CC0A0 /* Sources */ = {
			isa = PBXSourcesBuildPhase;
			buildActionMask = 2147483647;
			files = (
				2A16E24126DE3D47006CC0A0 /* ViewController.swift in Sources */,
				2A16E24726DE3D47006CC0A0 /* DemoApplication.xcdatamodeld in Sources */,
				2A16E23D26DE3D47006CC0A0 /* AppDelegate.swift in Sources */,
				2A16E23F26DE3D47006CC0A0 /* SceneDelegate.swift in Sources */,
			);
			runOnlyForDeploymentPostprocessing = 0;
		};
		2A16E24E26DE3D47006CC0A0 /* Sources */ = {
			isa = PBXSourcesBuildPhase;
			buildActionMask = 2147483647;
			files = (
				2A16E25726DE3D47006CC0A0 /* DemoApplicationTests.swift in Sources */,
			);
			runOnlyForDeploymentPostprocessing = 0;
		};
		2A16E25926DE3D47006CC0A0 /* Sources */ = {
			isa = PBXSourcesBuildPhase;
			buildActionMask = 2147483647;
			files = (
				2A16E26226DE3D47006CC0A0 /* DemoApplicationUITests.swift in Sources */,
			);
			runOnlyForDeploymentPostprocessing = 0;
		};
/* End PBXSourcesBuildPhase section */

/* Begin PBXTargetDependency section */
		2A16E25426DE3D47006CC0A0 /* PBXTargetDependency */ = {
			isa = PBXTargetDependency;
			target = 2A16E23826DE3D47006CC0A0 /* DemoApplication */;
			targetProxy = 2A16E25326DE3D47006CC0A0 /* PBXContainerItemProxy */;
		};
		2A16E25F26DE3D47006CC0A0 /* PBXTargetDependency */ = {
			isa = PBXTargetDependency;
			target = 2A16E23826DE3D47006CC0A0 /* DemoApplication */;
			targetProxy = 2A16E25E26DE3D47006CC0A0 /* PBXContainerItemProxy */;
		};
/* End PBXTargetDependency section */

/* Begin PBXVariantGroup section */
		2A16E24226DE3D47006CC0A0 /* Main.storyboard */ = {
			isa = PBXVariantGroup;
			children = (
				2A16E24326DE3D47006CC0A0 /* Base */,
			);
			name = Main.storyboard;
			sourceTree = "<group>";
		};
		2A16E24A26DE3D47006CC0A0 /* LaunchScreen.storyboard */ = {
			isa = PBXVariantGroup;
			children = (
				2A16E24B26DE3D47006CC0A0 /* Base */,
			);
			name = LaunchScreen.storyboard;
			sourceTree = "<group>";
		};
/* End PBXVariantGroup section */

/* Begin XCBuildConfiguration section */
		2A16E26426DE3D47006CC0A0 /* Debug */ = {
			isa = XCBuildConfiguration;
			buildSettings = {
				ALWAYS_SEARCH_USER_PATHS = NO;
				CLANG_ANALYZER_NONNULL = YES;
				CLANG_ANALYZER_NUMBER_OBJECT_CONVERSION = YES_AGGRESSIVE;
				CLANG_CXX_LANGUAGE_STANDARD = "gnu++14";
				CLANG_CXX_LIBRARY = "libc++";
				CLANG_ENABLE_MODULES = YES;
				CLANG_ENABLE_OBJC_ARC = YES;
				CLANG_ENABLE_OBJC_WEAK = YES;
				CLANG_WARN_BLOCK_CAPTURE_AUTORELEASING = YES;
				CLANG_WARN_BOOL_CONVERSION = YES;
				CLANG_WARN_COMMA = YES;
				CLANG_WARN_CONSTANT_CONVERSION = YES;
				CLANG_WARN_DEPRECATED_OBJC_IMPLEMENTATIONS = YES;
				CLANG_WARN_DIRECT_OBJC_ISA_USAGE = YES_ERROR;
				CLANG_WARN_DOCUMENTATION_COMMENTS = YES;
				CLANG_WARN_EMPTY_BODY = YES;
				CLANG_WARN_ENUM_CONVERSION = YES;
				CLANG_WARN_INFINITE_RECURSION = YES;
				CLANG_WARN_INT_CONVERSION = YES;
				CLANG_WARN_NON_LITERAL_NULL_CONVERSION = YES;
				CLANG_WARN_OBJC_IMPLICIT_RETAIN_SELF = YES;
				CLANG_WARN_OBJC_LITERAL_CONVERSION = YES;
				CLANG_WARN_OBJC_ROOT_CLASS = YES_ERROR;
				CLANG_WARN_QUOTED_INCLUDE_IN_FRAMEWORK_HEADER = YES;
				CLANG_WARN_RANGE_LOOP_ANALYSIS = YES;
				CLANG_WARN_STRICT_PROTOTYPES = YES;
				CLANG_WARN_SUSPICIOUS_MOVE = YES;
				CLANG_WARN_UNGUARDED_AVAILABILITY = YES_AGGRESSIVE;
				CLANG_WARN_UNREACHABLE_CODE = YES;
				CLANG_WARN__DUPLICATE_METHOD_MATCH = YES;
				COPY_PHASE_STRIP = NO;
				DEBUG_INFORMATION_FORMAT = dwarf;
				ENABLE_STRICT_OBJC_MSGSEND = YES;
				ENABLE_TESTABILITY = YES;
				GCC_C_LANGUAGE_STANDARD = gnu11;
				GCC_DYNAMIC_NO_PIC = NO;
				GCC_NO_COMMON_BLOCKS = YES;
				GCC_OPTIMIZATION_LEVEL = 0;
				GCC_PREPROCESSOR_DEFINITIONS = (
					"DEBUG=1",
					"$(inherited)",
				);
				GCC_WARN_64_TO_32_BIT_CONVERSION = YES;
				GCC_WARN_ABOUT_RETURN_TYPE = YES_ERROR;
				GCC_WARN_UNDECLARED_SELECTOR = YES;
				GCC_WARN_UNINITIALIZED_AUTOS = YES_AGGRESSIVE;
				GCC_WARN_UNUSED_FUNCTION = YES;
				GCC_WARN_UNUSED_VARIABLE = YES;
				IPHONEOS_DEPLOYMENT_TARGET = 14.5;
				MTL_ENABLE_DEBUG_INFO = INCLUDE_SOURCE;
				MTL_FAST_MATH = YES;
				ONLY_ACTIVE_ARCH = YES;
				SDKROOT = iphoneos;
				SWIFT_ACTIVE_COMPILATION_CONDITIONS = DEBUG;
				SWIFT_OPTIMIZATION_LEVEL = "-Onone";
			};
			name = Debug;
		};
		2A16E26526DE3D47006CC0A0 /* Release */ = {
			isa = XCBuildConfiguration;
			buildSettings = {
				ALWAYS_SEARCH_USER_PATHS = NO;
				CLANG_ANALYZER_NONNULL = YES;
				CLANG_ANALYZER_NUMBER_OBJECT_CONVERSION = YES_AGGRESSIVE;
				CLANG_CXX_LANGUAGE_STANDARD = "gnu++14";
				CLANG_CXX_LIBRARY = "libc++";
				CLANG_ENABLE_MODULES = YES;
				CLANG_ENABLE_OBJC_ARC = YES;
				CLANG_ENABLE_OBJC_WEAK = YES;
				CLANG_WARN_BLOCK_CAPTURE_AUTORELEASING = YES;
				CLANG_WARN_BOOL_CONVERSION = YES;
				CLANG_WARN_COMMA = YES;
				CLANG_WARN_CONSTANT_CONVERSION = YES;
				CLANG_WARN_DEPRECATED_OBJC_IMPLEMENTATIONS = YES;
				CLANG_WARN_DIRECT_OBJC_ISA_USAGE = YES_ERROR;
				CLANG_WARN_DOCUMENTATION_COMMENTS = YES;
				CLANG_WARN_EMPTY_BODY = YES;
				CLANG_WARN_ENUM_CONVERSION = YES;
				CLANG_WARN_INFINITE_RECURSION = YES;
				CLANG_WARN_INT_CONVERSION = YES;
				CLANG_WARN_NON_LITERAL_NULL_CONVERSION = YES;
				CLANG_WARN_OBJC_IMPLICIT_RETAIN_SELF = YES;
				CLANG_WARN_OBJC_LITERAL_CONVERSION = YES;
				CLANG_WARN_OBJC_ROOT_CLASS = YES_ERROR;
				CLANG_WARN_QUOTED_INCLUDE_IN_FRAMEWORK_HEADER = YES;
				CLANG_WARN_RANGE_LOOP_ANALYSIS = YES;
				CLANG_WARN_STRICT_PROTOTYPES = YES;
				CLANG_WARN_SUSPICIOUS_MOVE = YES;
				CLANG_WARN_UNGUARDED_AVAILABILITY = YES_AGGRESSIVE;
				CLANG_WARN_UNREACHABLE_CODE = YES;
				CLANG_WARN__DUPLICATE_METHOD_MATCH = YES;
				COPY_PHASE_STRIP = NO;
				DEBUG_INFORMATION_FORMAT = "dwarf-with-dsym";
				ENABLE_NS_ASSERTIONS = NO;
				ENABLE_STRICT_OBJC_MSGSEND = YES;
				GCC_C_LANGUAGE_STANDARD = gnu11;
				GCC_NO_COMMON_BLOCKS = YES;
				GCC_WARN_64_TO_32_BIT_CONVERSION = YES;
				GCC_WARN_ABOUT_RETURN_TYPE = YES_ERROR;
				GCC_WARN_UNDECLARED_SELECTOR = YES;
				GCC_WARN_UNINITIALIZED_AUTOS = YES_AGGRESSIVE;
				GCC_WARN_UNUSED_FUNCTION = YES;
				GCC_WARN_UNUSED_VARIABLE = YES;
				IPHONEOS_DEPLOYMENT_TARGET = 14.5;
				MTL_ENABLE_DEBUG_INFO = NO;
				MTL_FAST_MATH = YES;
				SDKROOT = iphoneos;
				SWIFT_COMPILATION_MODE = wholemodule;
				SWIFT_OPTIMIZATION_LEVEL = "-O";
				VALIDATE_PRODUCT = YES;
			};
			name = Release;
		};
		2A16E26726DE3D47006CC0A0 /* Debug */ = {
			isa = XCBuildConfiguration;
			buildSettings = {
				ASSETCATALOG_COMPILER_APPICON_NAME = AppIcon;
				ASSETCATALOG_COMPILER_GLOBAL_ACCENT_COLOR_NAME = AccentColor;
				CODE_SIGN_STYLE = Automatic;
				DEVELOPMENT_TEAM = BP45DTT675;
				INFOPLIST_FILE = DemoApplication/Info.plist;
				LD_RUNPATH_SEARCH_PATHS = (
					"$(inherited)",
					"@executable_path/Frameworks",
				);
				PRODUCT_BUNDLE_IDENTIFIER = com.Practice.DemoApplication;
				PRODUCT_NAME = "$(TARGET_NAME)";
				SWIFT_VERSION = 5.0;
				TARGETED_DEVICE_FAMILY = "1,2";
			};
			name = Debug;
		};
		2A16E26826DE3D47006CC0A0 /* Release */ = {
			isa = XCBuildConfiguration;
			buildSettings = {
				ASSETCATALOG_COMPILER_APPICON_NAME = AppIcon;
				ASSETCATALOG_COMPILER_GLOBAL_ACCENT_COLOR_NAME = AccentColor;
				CODE_SIGN_STYLE = Automatic;
				DEVELOPMENT_TEAM = BP45DTT675;
				INFOPLIST_FILE = DemoApplication/Info.plist;
				LD_RUNPATH_SEARCH_PATHS = (
					"$(inherited)",
					"@executable_path/Frameworks",
				);
				PRODUCT_BUNDLE_IDENTIFIER = com.Practice.DemoApplication;
				PRODUCT_NAME = "$(TARGET_NAME)";
				SWIFT_VERSION = 5.0;
				TARGETED_DEVICE_FAMILY = "1,2";
			};
			name = Release;
		};
		2A16E26A26DE3D47006CC0A0 /* Debug */ = {
			isa = XCBuildConfiguration;
			buildSettings = {
				ALWAYS_EMBED_SWIFT_STANDARD_LIBRARIES = YES;
				BUNDLE_LOADER = "$(TEST_HOST)";
				CODE_SIGN_STYLE = Automatic;
				DEVELOPMENT_TEAM = BP45DTT675;
				INFOPLIST_FILE = DemoApplicationTests/Info.plist;
				IPHONEOS_DEPLOYMENT_TARGET = 14.5;
				LD_RUNPATH_SEARCH_PATHS = (
					"$(inherited)",
					"@executable_path/Frameworks",
					"@loader_path/Frameworks",
				);
				PRODUCT_BUNDLE_IDENTIFIER = com.Practice.DemoApplicationTests;
				PRODUCT_NAME = "$(TARGET_NAME)";
				SWIFT_VERSION = 5.0;
				TARGETED_DEVICE_FAMILY = "1,2";
				TEST_HOST = "$(BUILT_PRODUCTS_DIR)/DemoApplication.app/DemoApplication";
			};
			name = Debug;
		};
		2A16E26B26DE3D47006CC0A0 /* Release */ = {
			isa = XCBuildConfiguration;
			buildSettings = {
				ALWAYS_EMBED_SWIFT_STANDARD_LIBRARIES = YES;
				BUNDLE_LOADER = "$(TEST_HOST)";
				CODE_SIGN_STYLE = Automatic;
				DEVELOPMENT_TEAM = BP45DTT675;
				INFOPLIST_FILE = DemoApplicationTests/Info.plist;
				IPHONEOS_DEPLOYMENT_TARGET = 14.5;
				LD_RUNPATH_SEARCH_PATHS = (
					"$(inherited)",
					"@executable_path/Frameworks",
					"@loader_path/Frameworks",
				);
				PRODUCT_BUNDLE_IDENTIFIER = com.Practice.DemoApplicationTests;
				PRODUCT_NAME = "$(TARGET_NAME)";
				SWIFT_VERSION = 5.0;
				TARGETED_DEVICE_FAMILY = "1,2";
				TEST_HOST = "$(BUILT_PRODUCTS_DIR)/DemoApplication.app/DemoApplication";
			};
			name = Release;
		};
		2A16E26D26DE3D47006CC0A0 /* Debug */ = {
			isa = XCBuildConfiguration;
			buildSettings = {
				ALWAYS_EMBED_SWIFT_STANDARD_LIBRARIES = YES;
				CODE_SIGN_STYLE = Automatic;
				DEVELOPMENT_TEAM = BP45DTT675;
				INFOPLIST_FILE = DemoApplicationUITests/Info.plist;
				LD_RUNPATH_SEARCH_PATHS = (
					"$(inherited)",
					"@executable_path/Frameworks",
					"@loader_path/Frameworks",
				);
				PRODUCT_BUNDLE_IDENTIFIER = com.Practice.DemoApplicationUITests;
				PRODUCT_NAME = "$(TARGET_NAME)";
				SWIFT_VERSION = 5.0;
				TARGETED_DEVICE_FAMILY = "1,2";
				TEST_TARGET_NAME = DemoApplication;
			};
			name = Debug;
		};
		2A16E26E26DE3D47006CC0A0 /* Release */ = {
			isa = XCBuildConfiguration;
			buildSettings = {
				ALWAYS_EMBED_SWIFT_STANDARD_LIBRARIES = YES;
				CODE_SIGN_STYLE = Automatic;
				DEVELOPMENT_TEAM = BP45DTT675;
				INFOPLIST_FILE = DemoApplicationUITests/Info.plist;
				LD_RUNPATH_SEARCH_PATHS = (
					"$(inherited)",
					"@executable_path/Frameworks",
					"@loader_path/Frameworks",
				);
				PRODUCT_BUNDLE_IDENTIFIER = com.Practice.DemoApplicationUITests;
				PRODUCT_NAME = "$(TARGET_NAME)";
				SWIFT_VERSION = 5.0;
				TARGETED_DEVICE_FAMILY = "1,2";
				TEST_TARGET_NAME = DemoApplication;
			};
			name = Release;
		};
/* End XCBuildConfiguration section */

/* Begin XCConfigurationList section */
		2A16E23426DE3D47006CC0A0 /* Build configuration list for PBXProject "DemoApplication" */ = {
			isa = XCConfigurationList;
			buildConfigurations = (
				2A16E26426DE3D47006CC0A0 /* Debug */,
				2A16E26526DE3D47006CC0A0 /* Release */,
			);
			defaultConfigurationIsVisible = 0;
			defaultConfigurationName = Release;
		};
		2A16E26626DE3D47006CC0A0 /* Build configuration list for PBXNativeTarget "DemoApplication" */ = {
			isa = XCConfigurationList;
			buildConfigurations = (
				2A16E26726DE3D47006CC0A0 /* Debug */,
				2A16E26826DE3D47006CC0A0 /* Release */,
			);
			defaultConfigurationIsVisible = 0;
			defaultConfigurationName = Release;
		};
		2A16E26926DE3D47006CC0A0 /* Build configuration list for PBXNativeTarget "DemoApplicationTests" */ = {
			isa = XCConfigurationList;
			buildConfigurations = (
				2A16E26A26DE3D47006CC0A0 /* Debug */,
				2A16E26B26DE3D47006CC0A0 /* Release */,
			);
			defaultConfigurationIsVisible = 0;
			defaultConfigurationName = Release;
		};
		2A16E26C26DE3D47006CC0A0 /* Build configuration list for PBXNativeTarget "DemoApplicationUITests" */ = {
			isa = XCConfigurationList;
			buildConfigurations = (
				2A16E26D26DE3D47006CC0A0 /* Debug */,
				2A16E26E26DE3D47006CC0A0 /* Release */,
			);
			defaultConfigurationIsVisible = 0;
			defaultConfigurationName = Release;
		};
/* End XCConfigurationList section */

/* Begin XCVersionGroup section */
		2A16E24526DE3D47006CC0A0 /* DemoApplication.xcdatamodeld */ = {
			isa = XCVersionGroup;
			children = (
				2A16E24626DE3D47006CC0A0 /* DemoApplication.xcdatamodel */,
			);
			currentVersion = 2A16E24626DE3D47006CC0A0 /* DemoApplication.xcdatamodel */;
			path = DemoApplication.xcdatamodeld;
			sourceTree = "<group>";
			versionGroupType = wrapper.xcdatamodel;
		};
/* End XCVersionGroup section */
	};
	rootObject = 2A16E23126DE3D47006CC0A0 /* Project object */;
}
